// !$*UTF8*$!
{
	archiveVersion = 1;
	classes = {
	};
	objectVersion = 46;
	objects = {

/* Begin PBXBuildFile section */
		97854F2119A5957B00478523 /* Foundation.framework in Frameworks */ = {isa = PBXBuildFile; fileRef = 97854F2019A5957B00478523 /* Foundation.framework */; };
		97854F2319A5957B00478523 /* CoreGraphics.framework in Frameworks */ = {isa = PBXBuildFile; fileRef = 97854F2219A5957B00478523 /* CoreGraphics.framework */; };
		97854F2519A5957B00478523 /* UIKit.framework in Frameworks */ = {isa = PBXBuildFile; fileRef = 97854F2419A5957B00478523 /* UIKit.framework */; };
		97854F2B19A5957B00478523 /* InfoPlist.strings in Resources */ = {isa = PBXBuildFile; fileRef = 97854F2919A5957B00478523 /* InfoPlist.strings */; };
		97854F2D19A5957B00478523 /* main.m in Sources */ = {isa = PBXBuildFile; fileRef = 97854F2C19A5957B00478523 /* main.m */; };
		97854F3119A5957B00478523 /* MNAppDelegate.m in Sources */ = {isa = PBXBuildFile; fileRef = 97854F3019A5957B00478523 /* MNAppDelegate.m */; };
		97854F3419A5957B00478523 /* Main_iPhone.storyboard in Resources */ = {isa = PBXBuildFile; fileRef = 97854F3219A5957B00478523 /* Main_iPhone.storyboard */; };
		97854F3719A5957B00478523 /* Main_iPad.storyboard in Resources */ = {isa = PBXBuildFile; fileRef = 97854F3519A5957B00478523 /* Main_iPad.storyboard */; };
		97854F3A19A5957B00478523 /* MNMasterViewController.m in Sources */ = {isa = PBXBuildFile; fileRef = 97854F3919A5957B00478523 /* MNMasterViewController.m */; };
		97854F3D19A5957B00478523 /* MNDetailViewController.m in Sources */ = {isa = PBXBuildFile; fileRef = 97854F3C19A5957B00478523 /* MNDetailViewController.m */; };
		97854F3F19A5957B00478523 /* Images.xcassets in Resources */ = {isa = PBXBuildFile; fileRef = 97854F3E19A5957B00478523 /* Images.xcassets */; };
		97854F4619A5957B00478523 /* XCTest.framework in Frameworks */ = {isa = PBXBuildFile; fileRef = 97854F4519A5957B00478523 /* XCTest.framework */; };
		97854F4719A5957B00478523 /* Foundation.framework in Frameworks */ = {isa = PBXBuildFile; fileRef = 97854F2019A5957B00478523 /* Foundation.framework */; };
		97854F4819A5957B00478523 /* UIKit.framework in Frameworks */ = {isa = PBXBuildFile; fileRef = 97854F2419A5957B00478523 /* UIKit.framework */; };
		97854F5019A5957B00478523 /* InfoPlist.strings in Resources */ = {isa = PBXBuildFile; fileRef = 97854F4E19A5957B00478523 /* InfoPlist.strings */; };
		97854F5219A5957B00478523 /* GitHubTests.m in Sources */ = {isa = PBXBuildFile; fileRef = 97854F5119A5957B00478523 /* GitHubTests.m */; };
/* End PBXBuildFile section */

/* Begin PBXContainerItemProxy section */
		97854F4919A5957B00478523 /* PBXContainerItemProxy */ = {
			isa = PBXContainerItemProxy;
			containerPortal = 97854F1519A5957B00478523 /* Project object */;
			proxyType = 1;
			remoteGlobalIDString = 97854F1C19A5957B00478523;
			remoteInfo = GitHub;
		};
/* End PBXContainerItemProxy section */

/* Begin PBXFileReference section */
		97854F1D19A5957B00478523 /* GitHub.app */ = {isa = PBXFileReference; explicitFileType = wrapper.application; includeInIndex = 0; path = GitHub.app; sourceTree = BUILT_PRODUCTS_DIR; };
		97854F2019A5957B00478523 /* Foundation.framework */ = {isa = PBXFileReference; lastKnownFileType = wrapper.framework; name = Foundation.framework; path = System/Library/Frameworks/Foundation.framework; sourceTree = SDKROOT; };
		97854F2219A5957B00478523 /* CoreGraphics.framework */ = {isa = PBXFileReference; lastKnownFileType = wrapper.framework; name = CoreGraphics.framework; path = System/Library/Frameworks/CoreGraphics.framework; sourceTree = SDKROOT; };
		97854F2419A5957B00478523 /* UIKit.framework */ = {isa = PBXFileReference; lastKnownFileType = wrapper.framework; name = UIKit.framework; path = System/Library/Frameworks/UIKit.framework; sourceTree = SDKROOT; };
		97854F2819A5957B00478523 /* GitHub-Info.plist */ = {isa = PBXFileReference; lastKnownFileType = text.plist.xml; path = "GitHub-Info.plist"; sourceTree = "<group>"; };
		97854F2A19A5957B00478523 /* en */ = {isa = PBXFileReference; lastKnownFileType = text.plist.strings; name = en; path = en.lproj/InfoPlist.strings; sourceTree = "<group>"; };
		97854F2C19A5957B00478523 /* main.m */ = {isa = PBXFileReference; lastKnownFileType = sourcecode.c.objc; path = main.m; sourceTree = "<group>"; };
		97854F2E19A5957B00478523 /* GitHub-Prefix.pch */ = {isa = PBXFileReference; lastKnownFileType = sourcecode.c.h; path = "GitHub-Prefix.pch"; sourceTree = "<group>"; };
		97854F2F19A5957B00478523 /* MNAppDelegate.h */ = {isa = PBXFileReference; lastKnownFileType = sourcecode.c.h; path = MNAppDelegate.h; sourceTree = "<group>"; };
		97854F3019A5957B00478523 /* MNAppDelegate.m */ = {isa = PBXFileReference; lastKnownFileType = sourcecode.c.objc; path = MNAppDelegate.m; sourceTree = "<group>"; };
		97854F3319A5957B00478523 /* Base */ = {isa = PBXFileReference; lastKnownFileType = file.storyboard; name = Base; path = Base.lproj/Main_iPhone.storyboard; sourceTree = "<group>"; };
		97854F3619A5957B00478523 /* Base */ = {isa = PBXFileReference; lastKnownFileType = file.storyboard; name = Base; path = Base.lproj/Main_iPad.storyboard; sourceTree = "<group>"; };
		97854F3819A5957B00478523 /* MNMasterViewController.h */ = {isa = PBXFileReference; lastKnownFileType = sourcecode.c.h; path = MNMasterViewController.h; sourceTree = "<group>"; };
		97854F3919A5957B00478523 /* MNMasterViewController.m */ = {isa = PBXFileReference; lastKnownFileType = sourcecode.c.objc; path = MNMasterViewController.m; sourceTree = "<group>"; };
		97854F3B19A5957B00478523 /* MNDetailViewController.h */ = {isa = PBXFileReference; lastKnownFileType = sourcecode.c.h; path = MNDetailViewController.h; sourceTree = "<group>"; };
		97854F3C19A5957B00478523 /* MNDetailViewController.m */ = {isa = PBXFileReference; lastKnownFileType = sourcecode.c.objc; path = MNDetailViewController.m; sourceTree = "<group>"; };
		97854F3E19A5957B00478523 /* Images.xcassets */ = {isa = PBXFileReference; lastKnownFileType = folder.assetcatalog; path = Images.xcassets; sourceTree = "<group>"; };
		97854F4419A5957B00478523 /* GitHubTests.xctest */ = {isa = PBXFileReference; explicitFileType = wrapper.cfbundle; includeInIndex = 0; path = GitHubTests.xctest; sourceTree = BUILT_PRODUCTS_DIR; };
		97854F4519A5957B00478523 /* XCTest.framework */ = {isa = PBXFileReference; lastKnownFileType = wrapper.framework; name = XCTest.framework; path = Library/Frameworks/XCTest.framework; sourceTree = DEVELOPER_DIR; };
		97854F4D19A5957B00478523 /* GitHubTests-Info.plist */ = {isa = PBXFileReference; lastKnownFileType = text.plist.xml; path = "GitHubTests-Info.plist"; sourceTree = "<group>"; };
		97854F4F19A5957B00478523 /* en */ = {isa = PBXFileReference; lastKnownFileType = text.plist.strings; name = en; path = en.lproj/InfoPlist.strings; sourceTree = "<group>"; };
		97854F5119A5957B00478523 /* GitHubTests.m */ = {isa = PBXFileReference; lastKnownFileType = sourcecode.c.objc; path = GitHubTests.m; sourceTree = "<group>"; };
/* End PBXFileReference section */

/* Begin PBXFrameworksBuildPhase section */
		97854F1A19A5957B00478523 /* Frameworks */ = {
			isa = PBXFrameworksBuildPhase;
			buildActionMask = 2147483647;
			files = (
				97854F2319A5957B00478523 /* CoreGraphics.framework in Frameworks */,
				97854F2519A5957B00478523 /* UIKit.framework in Frameworks */,
				97854F2119A5957B00478523 /* Foundation.framework in Frameworks */,
			);
			runOnlyForDeploymentPostprocessing = 0;
		};
		97854F4119A5957B00478523 /* Frameworks */ = {
			isa = PBXFrameworksBuildPhase;
			buildActionMask = 2147483647;
			files = (
				97854F4619A5957B00478523 /* XCTest.framework in Frameworks */,
				97854F4819A5957B00478523 /* UIKit.framework in Frameworks */,
				97854F4719A5957B00478523 /* Foundation.framework in Frameworks */,
			);
			runOnlyForDeploymentPostprocessing = 0;
		};
/* End PBXFrameworksBuildPhase section */

/* Begin PBXGroup section */
		97854F1419A5957B00478523 = {
			isa = PBXGroup;
			children = (
				97854F2619A5957B00478523 /* GitHub */,
				97854F4B19A5957B00478523 /* GitHubTests */,
				97854F1F19A5957B00478523 /* Frameworks */,
				97854F1E19A5957B00478523 /* Products */,
			);
			sourceTree = "<group>";
		};
		97854F1E19A5957B00478523 /* Products */ = {
			isa = PBXGroup;
			children = (
				97854F1D19A5957B00478523 /* GitHub.app */,
				97854F4419A5957B00478523 /* GitHubTests.xctest */,
			);
			name = Products;
			sourceTree = "<group>";
		};
		97854F1F19A5957B00478523 /* Frameworks */ = {
			isa = PBXGroup;
			children = (
				97854F2019A5957B00478523 /* Foundation.framework */,
				97854F2219A5957B00478523 /* CoreGraphics.framework */,
				97854F2419A5957B00478523 /* UIKit.framework */,
				97854F4519A5957B00478523 /* XCTest.framework */,
			);
			name = Frameworks;
			sourceTree = "<group>";
		};
		97854F2619A5957B00478523 /* GitHub */ = {
			isa = PBXGroup;
			children = (
				97854F2F19A5957B00478523 /* MNAppDelegate.h */,
				97854F3019A5957B00478523 /* MNAppDelegate.m */,
				97854F3219A5957B00478523 /* Main_iPhone.storyboard */,
				97854F3519A5957B00478523 /* Main_iPad.storyboard */,
				97854F3819A5957B00478523 /* MNMasterViewController.h */,
				97854F3919A5957B00478523 /* MNMasterViewController.m */,
				97854F3B19A5957B00478523 /* MNDetailViewController.h */,
				97854F3C19A5957B00478523 /* MNDetailViewController.m */,
				97854F3E19A5957B00478523 /* Images.xcassets */,
				97854F2719A5957B00478523 /* Supporting Files */,
			);
			path = GitHub;
			sourceTree = "<group>";
		};
		97854F2719A5957B00478523 /* Supporting Files */ = {
			isa = PBXGroup;
			children = (
				97854F2819A5957B00478523 /* GitHub-Info.plist */,
				97854F2919A5957B00478523 /* InfoPlist.strings */,
				97854F2C19A5957B00478523 /* main.m */,
				97854F2E19A5957B00478523 /* GitHub-Prefix.pch */,
			);
			name = "Supporting Files";
			sourceTree = "<group>";
		};
		97854F4B19A5957B00478523 /* GitHubTests */ = {
			isa = PBXGroup;
			children = (
				97854F5119A5957B00478523 /* GitHubTests.m */,
				97854F4C19A5957B00478523 /* Supporting Files */,
			);
			path = GitHubTests;
			sourceTree = "<group>";
		};
		97854F4C19A5957B00478523 /* Supporting Files */ = {
			isa = PBXGroup;
			children = (
				97854F4D19A5957B00478523 /* GitHubTests-Info.plist */,
				97854F4E19A5957B00478523 /* InfoPlist.strings */,
			);
			name = "Supporting Files";
			sourceTree = "<group>";
		};
/* End PBXGroup section */

/* Begin PBXNativeTarget section */
		97854F1C19A5957B00478523 /* GitHub */ = {
			isa = PBXNativeTarget;
			buildConfigurationList = 97854F5519A5957B00478523 /* Build configuration list for PBXNativeTarget "GitHub" */;
			buildPhases = (
				97854F1919A5957B00478523 /* Sources */,
				97854F1A19A5957B00478523 /* Frameworks */,
				97854F1B19A5957B00478523 /* Resources */,
			);
			buildRules = (
			);
			dependencies = (
			);
			name = GitHub;
			productName = GitHub;
			productReference = 97854F1D19A5957B00478523 /* GitHub.app */;
			productType = "com.apple.product-type.application";
		};
		97854F4319A5957B00478523 /* GitHubTests */ = {
			isa = PBXNativeTarget;
			buildConfigurationList = 97854F5819A5957B00478523 /* Build configuration list for PBXNativeTarget "GitHubTests" */;
			buildPhases = (
				97854F4019A5957B00478523 /* Sources */,
				97854F4119A5957B00478523 /* Frameworks */,
				97854F4219A5957B00478523 /* Resources */,
			);
			buildRules = (
			);
			dependencies = (
				97854F4A19A5957B00478523 /* PBXTargetDependency */,
			);
			name = GitHubTests;
			productName = GitHubTests;
			productReference = 97854F4419A5957B00478523 /* GitHubTests.xctest */;
			productType = "com.apple.product-type.bundle.unit-test";
		};
/* End PBXNativeTarget section */

/* Begin PBXProject section */
		97854F1519A5957B00478523 /* Project object */ = {
			isa = PBXProject;
			attributes = {
				CLASSPREFIX = MN;
				LastUpgradeCheck = 0510;
				ORGANIZATIONNAME = "Ravi Vooda";
				TargetAttributes = {
					97854F4319A5957B00478523 = {
						TestTargetID = 97854F1C19A5957B00478523;
					};
				};
			};
			buildConfigurationList = 97854F1819A5957B00478523 /* Build configuration list for PBXProject "GitHub" */;
			compatibilityVersion = "Xcode 3.2";
			developmentRegion = English;
			hasScannedForEncodings = 0;
			knownRegions = (
				en,
				Base,
			);
			mainGroup = 97854F1419A5957B00478523;
			productRefGroup = 97854F1E19A5957B00478523 /* Products */;
			projectDirPath = "";
			projectRoot = "";
			targets = (
				97854F1C19A5957B00478523 /* GitHub */,
				97854F4319A5957B00478523 /* GitHubTests */,
			);
		};
/* End PBXProject section */

/* Begin PBXResourcesBuildPhase section */
		97854F1B19A5957B00478523 /* Resources */ = {
			isa = PBXResourcesBuildPhase;
			buildActionMask = 2147483647;
			files = (
				97854F3719A5957B00478523 /* Main_iPad.storyboard in Resources */,
				97854F3F19A5957B00478523 /* Images.xcassets in Resources */,
				97854F3419A5957B00478523 /* Main_iPhone.storyboard in Resources */,
				97854F2B19A5957B00478523 /* InfoPlist.strings in Resources */,
			);
			runOnlyForDeploymentPostprocessing = 0;
		};
		97854F4219A5957B00478523 /* Resources */ = {
			isa = PBXResourcesBuildPhase;
			buildActionMask = 2147483647;
			files = (
				97854F5019A5957B00478523 /* InfoPlist.strings in Resources */,
			);
			runOnlyForDeploymentPostprocessing = 0;
		};
/* End PBXResourcesBuildPhase section */

/* Begin PBXSourcesBuildPhase section */
		97854F1919A5957B00478523 /* Sources */ = {
			isa = PBXSourcesBuildPhase;
			buildActionMask = 2147483647;
			files = (
				97854F3D19A5957B00478523 /* MNDetailViewController.m in Sources */,
				97854F3A19A5957B00478523 /* MNMasterViewController.m in Sources */,
				97854F2D19A5957B00478523 /* main.m in Sources */,
				97854F3119A5957B00478523 /* MNAppDelegate.m in Sources */,
			);
			runOnlyForDeploymentPostprocessing = 0;
		};
		97854F4019A5957B00478523 /* Sources */ = {
			isa = PBXSourcesBuildPhase;
			buildActionMask = 2147483647;
			files = (
				97854F5219A5957B00478523 /* GitHubTests.m in Sources */,
			);
			runOnlyForDeploymentPostprocessing = 0;
		};
/* End PBXSourcesBuildPhase section */

/* Begin PBXTargetDependency section */
		97854F4A19A5957B00478523 /* PBXTargetDependency */ = {
			isa = PBXTargetDependency;
			target = 97854F1C19A5957B00478523 /* GitHub */;
			targetProxy = 97854F4919A5957B00478523 /* PBXContainerItemProxy */;
		};
/* End PBXTargetDependency section */

/* Begin PBXVariantGroup section */
		97854F2919A5957B00478523 /* InfoPlist.strings */ = {
			isa = PBXVariantGroup;
			children = (
				97854F2A19A5957B00478523 /* en */,
			);
			name = InfoPlist.strings;
			sourceTree = "<group>";
		};
		97854F3219A5957B00478523 /* Main_iPhone.storyboard */ = {
			isa = PBXVariantGroup;
			children = (
				97854F3319A5957B00478523 /* Base */,
			);
			name = Main_iPhone.storyboard;
			sourceTree = "<group>";
		};
		97854F3519A5957B00478523 /* Main_iPad.storyboard */ = {
			isa = PBXVariantGroup;
			children = (
				97854F3619A5957B00478523 /* Base */,
			);
			name = Main_iPad.storyboard;
			sourceTree = "<group>";
		};
		97854F4E19A5957B00478523 /* InfoPlist.strings */ = {
			isa = PBXVariantGroup;
			children = (
				97854F4F19A5957B00478523 /* en */,
			);
			name = InfoPlist.strings;
			sourceTree = "<group>";
		};
/* End PBXVariantGroup section */

/* Begin XCBuildConfiguration section */
		97854F5319A5957B00478523 /* Debug */ = {
			isa = XCBuildConfiguration;
			buildSettings = {
				ALWAYS_SEARCH_USER_PATHS = NO;
				CLANG_CXX_LANGUAGE_STANDARD = "gnu++0x";
				CLANG_CXX_LIBRARY = "libc++";
				CLANG_ENABLE_MODULES = YES;
				CLANG_ENABLE_OBJC_ARC = YES;
				CLANG_WARN_BOOL_CONVERSION = YES;
				CLANG_WARN_CONSTANT_CONVERSION = YES;
				CLANG_WARN_DIRECT_OBJC_ISA_USAGE = YES_ERROR;
				CLANG_WARN_EMPTY_BODY = YES;
				CLANG_WARN_ENUM_CONVERSION = YES;
				CLANG_WARN_INT_CONVERSION = YES;
				CLANG_WARN_OBJC_ROOT_CLASS = YES_ERROR;
				CLANG_WARN__DUPLICATE_METHOD_MATCH = YES;
				"CODE_SIGN_IDENTITY[sdk=iphoneos*]" = "iPhone Developer";
				COPY_PHASE_STRIP = NO;
				GCC_C_LANGUAGE_STANDARD = gnu99;
				GCC_DYNAMIC_NO_PIC = NO;
				GCC_OPTIMIZATION_LEVEL = 0;
				GCC_PREPROCESSOR_DEFINITIONS = (
					"DEBUG=1",
					"$(inherited)",
				);
				GCC_SYMBOLS_PRIVATE_EXTERN = NO;
				GCC_WARN_64_TO_32_BIT_CONVERSION = YES;
				GCC_WARN_ABOUT_RETURN_TYPE = YES_ERROR;
				GCC_WARN_UNDECLARED_SELECTOR = YES;
				GCC_WARN_UNINITIALIZED_AUTOS = YES_AGGRESSIVE;
				GCC_WARN_UNUSED_FUNCTION = YES;
				GCC_WARN_UNUSED_VARIABLE = YES;
				IPHONEOS_DEPLOYMENT_TARGET = 7.1;
				ONLY_ACTIVE_ARCH = YES;
				SDKROOT = iphoneos;
				TARGETED_DEVICE_FAMILY = "1,2";
			};
			name = Debug;
		};
		97854F5419A5957B00478523 /* Release */ = {
			isa = XCBuildConfiguration;
			buildSettings = {
				ALWAYS_SEARCH_USER_PATHS = NO;
				CLANG_CXX_LANGUAGE_STANDARD = "gnu++0x";
				CLANG_CXX_LIBRARY = "libc++";
				CLANG_ENABLE_MODULES = YES;
				CLANG_ENABLE_OBJC_ARC = YES;
				CLANG_WARN_BOOL_CONVERSION = YES;
				CLANG_WARN_CONSTANT_CONVERSION = YES;
				CLANG_WARN_DIRECT_OBJC_ISA_USAGE = YES_ERROR;
				CLANG_WARN_EMPTY_BODY = YES;
				CLANG_WARN_ENUM_CONVERSION = YES;
				CLANG_WARN_INT_CONVERSION = YES;
				CLANG_WARN_OBJC_ROOT_CLASS = YES_ERROR;
				CLANG_WARN__DUPLICATE_METHOD_MATCH = YES;
				"CODE_SIGN_IDENTITY[sdk=iphoneos*]" = "iPhone Developer";
				COPY_PHASE_STRIP = YES;
				ENABLE_NS_ASSERTIONS = NO;
				GCC_C_LANGUAGE_STANDARD = gnu99;
				GCC_WARN_64_TO_32_BIT_CONVERSION = YES;
				GCC_WARN_ABOUT_RETURN_TYPE = YES_ERROR;
				GCC_WARN_UNDECLARED_SELECTOR = YES;
				GCC_WARN_UNINITIALIZED_AUTOS = YES_AGGRESSIVE;
				GCC_WARN_UNUSED_FUNCTION = YES;
				GCC_WARN_UNUSED_VARIABLE = YES;
				IPHONEOS_DEPLOYMENT_TARGET = 7.1;
				SDKROOT = iphoneos;
				TARGETED_DEVICE_FAMILY = "1,2";
				VALIDATE_PRODUCT = YES;
			};
			name = Release;
		};
		97854F5619A5957B00478523 /* Debug */ = {
			isa = XCBuildConfiguration;
			buildSettings = {
				ASSETCATALOG_COMPILER_APPICON_NAME = AppIcon;
				ASSETCATALOG_COMPILER_LAUNCHIMAGE_NAME = LaunchImage;
				GCC_PRECOMPILE_PREFIX_HEADER = YES;
				GCC_PREFIX_HEADER = "GitHub/GitHub-Prefix.pch";
				INFOPLIST_FILE = "GitHub/GitHub-Info.plist";
				PRODUCT_NAME = "$(TARGET_NAME)";
				WRAPPER_EXTENSION = app;
			};
			name = Debug;
		};
		97854F5719A5957B00478523 /* Release */ = {
			isa = XCBuildConfiguration;
			buildSettings = {
				ASSETCATALOG_COMPILER_APPICON_NAME = AppIcon;
				ASSETCATALOG_COMPILER_LAUNCHIMAGE_NAME = LaunchImage;
				GCC_PRECOMPILE_PREFIX_HEADER = YES;
				GCC_PREFIX_HEADER = "GitHub/GitHub-Prefix.pch";
				INFOPLIST_FILE = "GitHub/GitHub-Info.plist";
				PRODUCT_NAME = "$(TARGET_NAME)";
				WRAPPER_EXTENSION = app;
			};
			name = Release;
		};
		97854F5919A5957B00478523 /* Debug */ = {
			isa = XCBuildConfiguration;
			buildSettings = {
				BUNDLE_LOADER = "$(BUILT_PRODUCTS_DIR)/GitHub.app/GitHub";
				FRAMEWORK_SEARCH_PATHS = (
					"$(SDKROOT)/Developer/Library/Frameworks",
					"$(inherited)",
					"$(DEVELOPER_FRAMEWORKS_DIR)",
				);
				GCC_PRECOMPILE_PREFIX_HEADER = YES;
				GCC_PREFIX_HEADER = "GitHub/GitHub-Prefix.pch";
				GCC_PREPROCESSOR_DEFINITIONS = (
					"DEBUG=1",
					"$(inherited)",
				);
				INFOPLIST_FILE = "GitHubTests/GitHubTests-Info.plist";
				PRODUCT_NAME = "$(TARGET_NAME)";
				TEST_HOST = "$(BUNDLE_LOADER)";
				WRAPPER_EXTENSION = xctest;
			};
			name = Debug;
		};
		97854F5A19A5957B00478523 /* Release */ = {
			isa = XCBuildConfiguration;
			buildSettings = {
				BUNDLE_LOADER = "$(BUILT_PRODUCTS_DIR)/GitHub.app/GitHub";
				FRAMEWORK_SEARCH_PATHS = (
					"$(SDKROOT)/Developer/Library/Frameworks",
					"$(inherited)",
					"$(DEVELOPER_FRAMEWORKS_DIR)",
				);
				GCC_PRECOMPILE_PREFIX_HEADER = YES;
				GCC_PREFIX_HEADER = "GitHub/GitHub-Prefix.pch";
				INFOPLIST_FILE = "GitHubTests/GitHubTests-Info.plist";
				PRODUCT_NAME = "$(TARGET_NAME)";
				TEST_HOST = "$(BUNDLE_LOADER)";
				WRAPPER_EXTENSION = xctest;
			};
			name = Release;
		};
/* End XCBuildConfiguration section */

/* Begin XCConfigurationList section */
		97854F1819A5957B00478523 /* Build configuration list for PBXProject "GitHub" */ = {
			isa = XCConfigurationList;
			buildConfigurations = (
				97854F5319A5957B00478523 /* Debug */,
				97854F5419A5957B00478523 /* Release */,
			);
			defaultConfigurationIsVisible = 0;
			defaultConfigurationName = Release;
		};
		97854F5519A5957B00478523 /* Build configuration list for PBXNativeTarget "GitHub" */ = {
			isa = XCConfigurationList;
			buildConfigurations = (
				97854F5619A5957B00478523 /* Debug */,
				97854F5719A5957B00478523 /* Release */,
			);
			defaultConfigurationIsVisible = 0;
		};
		97854F5819A5957B00478523 /* Build configuration list for PBXNativeTarget "GitHubTests" */ = {
			isa = XCConfigurationList;
			buildConfigurations = (
				97854F5919A5957B00478523 /* Debug */,
				97854F5A19A5957B00478523 /* Release */,
			);
			defaultConfigurationIsVisible = 0;
		};
/* End XCConfigurationList section */
	};
	rootObject = 97854F1519A5957B00478523 /* Project object */;
}
